// !$*UTF8*$!
{
	archiveVersion = 1;
	classes = {
	};
	objectVersion = 46;
	objects = {

/* Begin PBXBuildFile section */
		5FCC6E321A34DE7F0012DD6D /* AppDelegate.swift in Sources */ = {isa = PBXBuildFile; fileRef = 5FCC6E311A34DE7F0012DD6D /* AppDelegate.swift */; };
		5FCC6E341A34DE7F0012DD6D /* ViewController.swift in Sources */ = {isa = PBXBuildFile; fileRef = 5FCC6E331A34DE7F0012DD6D /* ViewController.swift */; };
		5FCC6E371A34DE7F0012DD6D /* Main.storyboard in Resources */ = {isa = PBXBuildFile; fileRef = 5FCC6E351A34DE7F0012DD6D /* Main.storyboard */; };
		5FCC6E391A34DE7F0012DD6D /* Images.xcassets in Resources */ = {isa = PBXBuildFile; fileRef = 5FCC6E381A34DE7F0012DD6D /* Images.xcassets */; };
		5FCC6E3C1A34DE7F0012DD6D /* LaunchScreen.xib in Resources */ = {isa = PBXBuildFile; fileRef = 5FCC6E3A1A34DE7F0012DD6D /* LaunchScreen.xib */; };
		5FCC6E481A34DE7F0012DD6D /* Super_Simple_CalculatorTests.swift in Sources */ = {isa = PBXBuildFile; fileRef = 5FCC6E471A34DE7F0012DD6D /* Super_Simple_CalculatorTests.swift */; };
/* End PBXBuildFile section */

/* Begin PBXContainerItemProxy section */
		5FCC6E421A34DE7F0012DD6D /* PBXContainerItemProxy */ = {
			isa = PBXContainerItemProxy;
			containerPortal = 5FCC6E241A34DE7F0012DD6D /* Project object */;
			proxyType = 1;
			remoteGlobalIDString = 5FCC6E2B1A34DE7F0012DD6D;
			remoteInfo = "Super Simple Calculator";
		};
/* End PBXContainerItemProxy section */

/* Begin PBXFileReference section */
		5FCC6E2C1A34DE7F0012DD6D /* Super Simple Calculator.app */ = {isa = PBXFileReference; explicitFileType = wrapper.application; includeInIndex = 0; path = "Super Simple Calculator.app"; sourceTree = BUILT_PRODUCTS_DIR; };
		5FCC6E301A34DE7F0012DD6D /* Info.plist */ = {isa = PBXFileReference; lastKnownFileType = text.plist.xml; path = Info.plist; sourceTree = "<group>"; };
		5FCC6E311A34DE7F0012DD6D /* AppDelegate.swift */ = {isa = PBXFileReference; lastKnownFileType = sourcecode.swift; path = AppDelegate.swift; sourceTree = "<group>"; };
		5FCC6E331A34DE7F0012DD6D /* ViewController.swift */ = {isa = PBXFileReference; lastKnownFileType = sourcecode.swift; path = ViewController.swift; sourceTree = "<group>"; };
		5FCC6E361A34DE7F0012DD6D /* Base */ = {isa = PBXFileReference; lastKnownFileType = file.storyboard; name = Base; path = Base.lproj/Main.storyboard; sourceTree = "<group>"; };
		5FCC6E381A34DE7F0012DD6D /* Images.xcassets */ = {isa = PBXFileReference; lastKnownFileType = folder.assetcatalog; path = Images.xcassets; sourceTree = "<group>"; };
		5FCC6E3B1A34DE7F0012DD6D /* Base */ = {isa = PBXFileReference; lastKnownFileType = file.xib; name = Base; path = Base.lproj/LaunchScreen.xib; sourceTree = "<group>"; };
		5FCC6E411A34DE7F0012DD6D /* Super Simple CalculatorTests.xctest */ = {isa = PBXFileReference; explicitFileType = wrapper.cfbundle; includeInIndex = 0; path = "Super Simple CalculatorTests.xctest"; sourceTree = BUILT_PRODUCTS_DIR; };
		5FCC6E461A34DE7F0012DD6D /* Info.plist */ = {isa = PBXFileReference; lastKnownFileType = text.plist.xml; path = Info.plist; sourceTree = "<group>"; };
		5FCC6E471A34DE7F0012DD6D /* Super_Simple_CalculatorTests.swift */ = {isa = PBXFileReference; lastKnownFileType = sourcecode.swift; path = Super_Simple_CalculatorTests.swift; sourceTree = "<group>"; };
/* End PBXFileReference section */

/* Begin PBXFrameworksBuildPhase section */
		5FCC6E291A34DE7F0012DD6D /* Frameworks */ = {
			isa = PBXFrameworksBuildPhase;
			buildActionMask = 2147483647;
			files = (
			);
			runOnlyForDeploymentPostprocessing = 0;
		};
		5FCC6E3E1A34DE7F0012DD6D /* Frameworks */ = {
			isa = PBXFrameworksBuildPhase;
			buildActionMask = 2147483647;
			files = (
			);
			runOnlyForDeploymentPostprocessing = 0;
		};
/* End PBXFrameworksBuildPhase section */

/* Begin PBXGroup section */
		5FCC6E231A34DE7F0012DD6D = {
			isa = PBXGroup;
			children = (
				5FCC6E2E1A34DE7F0012DD6D /* Super Simple Calculator */,
				5FCC6E441A34DE7F0012DD6D /* Super Simple CalculatorTests */,
				5FCC6E2D1A34DE7F0012DD6D /* Products */,
			);
			sourceTree = "<group>";
		};
		5FCC6E2D1A34DE7F0012DD6D /* Products */ = {
			isa = PBXGroup;
			children = (
				5FCC6E2C1A34DE7F0012DD6D /* Super Simple Calculator.app */,
				5FCC6E411A34DE7F0012DD6D /* Super Simple CalculatorTests.xctest */,
			);
			name = Products;
			sourceTree = "<group>";
		};
		5FCC6E2E1A34DE7F0012DD6D /* Super Simple Calculator */ = {
			isa = PBXGroup;
			children = (
				5FCC6E311A34DE7F0012DD6D /* AppDelegate.swift */,
				5FCC6E331A34DE7F0012DD6D /* ViewController.swift */,
				5FCC6E351A34DE7F0012DD6D /* Main.storyboard */,
				5FCC6E381A34DE7F0012DD6D /* Images.xcassets */,
				5FCC6E3A1A34DE7F0012DD6D /* LaunchScreen.xib */,
				5FCC6E2F1A34DE7F0012DD6D /* Supporting Files */,
			);
			path = "Super Simple Calculator";
			sourceTree = "<group>";
		};
		5FCC6E2F1A34DE7F0012DD6D /* Supporting Files */ = {
			isa = PBXGroup;
			children = (
				5FCC6E301A34DE7F0012DD6D /* Info.plist */,
			);
			name = "Supporting Files";
			sourceTree = "<group>";
		};
		5FCC6E441A34DE7F0012DD6D /* Super Simple CalculatorTests */ = {
			isa = PBXGroup;
			children = (
				5FCC6E471A34DE7F0012DD6D /* Super_Simple_CalculatorTests.swift */,
				5FCC6E451A34DE7F0012DD6D /* Supporting Files */,
			);
			path = "Super Simple CalculatorTests";
			sourceTree = "<group>";
		};
		5FCC6E451A34DE7F0012DD6D /* Supporting Files */ = {
			isa = PBXGroup;
			children = (
				5FCC6E461A34DE7F0012DD6D /* Info.plist */,
			);
			name = "Supporting Files";
			sourceTree = "<group>";
		};
/* End PBXGroup section */

/* Begin PBXNativeTarget section */
		5FCC6E2B1A34DE7F0012DD6D /* Super Simple Calculator */ = {
			isa = PBXNativeTarget;
			buildConfigurationList = 5FCC6E4B1A34DE7F0012DD6D /* Build configuration list for PBXNativeTarget "Super Simple Calculator" */;
			buildPhases = (
				5FCC6E281A34DE7F0012DD6D /* Sources */,
				5FCC6E291A34DE7F0012DD6D /* Frameworks */,
				5FCC6E2A1A34DE7F0012DD6D /* Resources */,
			);
			buildRules = (
			);
			dependencies = (
			);
			name = "Super Simple Calculator";
			productName = "Super Simple Calculator";
			productReference = 5FCC6E2C1A34DE7F0012DD6D /* Super Simple Calculator.app */;
			productType = "com.apple.product-type.application";
		};
		5FCC6E401A34DE7F0012DD6D /* Super Simple CalculatorTests */ = {
			isa = PBXNativeTarget;
			buildConfigurationList = 5FCC6E4E1A34DE7F0012DD6D /* Build configuration list for PBXNativeTarget "Super Simple CalculatorTests" */;
			buildPhases = (
				5FCC6E3D1A34DE7F0012DD6D /* Sources */,
				5FCC6E3E1A34DE7F0012DD6D /* Frameworks */,
				5FCC6E3F1A34DE7F0012DD6D /* Resources */,
			);
			buildRules = (
			);
			dependencies = (
				5FCC6E431A34DE7F0012DD6D /* PBXTargetDependency */,
			);
			name = "Super Simple CalculatorTests";
			productName = "Super Simple CalculatorTests";
			productReference = 5FCC6E411A34DE7F0012DD6D /* Super Simple CalculatorTests.xctest */;
			productType = "com.apple.product-type.bundle.unit-test";
		};
/* End PBXNativeTarget section */

/* Begin PBXProject section */
		5FCC6E241A34DE7F0012DD6D /* Project object */ = {
			isa = PBXProject;
			attributes = {
				LastUpgradeCheck = 0610;
				ORGANIZATIONNAME = supersimple;
				TargetAttributes = {
					5FCC6E2B1A34DE7F0012DD6D = {
						CreatedOnToolsVersion = 6.1.1;
					};
					5FCC6E401A34DE7F0012DD6D = {
						CreatedOnToolsVersion = 6.1.1;
						TestTargetID = 5FCC6E2B1A34DE7F0012DD6D;
					};
				};
			};
			buildConfigurationList = 5FCC6E271A34DE7F0012DD6D /* Build configuration list for PBXProject "Super Simple Calculator" */;
			compatibilityVersion = "Xcode 3.2";
			developmentRegion = English;
			hasScannedForEncodings = 0;
			knownRegions = (
				en,
				Base,
			);
			mainGroup = 5FCC6E231A34DE7F0012DD6D;
			productRefGroup = 5FCC6E2D1A34DE7F0012DD6D /* Products */;
			projectDirPath = "";
			projectRoot = "";
			targets = (
				5FCC6E2B1A34DE7F0012DD6D /* Super Simple Calculator */,
				5FCC6E401A34DE7F0012DD6D /* Super Simple CalculatorTests */,
			);
		};
/* End PBXProject section */

/* Begin PBXResourcesBuildPhase section */
		5FCC6E2A1A34DE7F0012DD6D /* Resources */ = {
			isa = PBXResourcesBuildPhase;
			buildActionMask = 2147483647;
			files = (
				5FCC6E371A34DE7F0012DD6D /* Main.storyboard in Resources */,
				5FCC6E3C1A34DE7F0012DD6D /* LaunchScreen.xib in Resources */,
				5FCC6E391A34DE7F0012DD6D /* Images.xcassets in Resources */,
			);
			runOnlyForDeploymentPostprocessing = 0;
		};
		5FCC6E3F1A34DE7F0012DD6D /* Resources */ = {
			isa = PBXResourcesBuildPhase;
			buildActionMask = 2147483647;
			files = (
			);
			runOnlyForDeploymentPostprocessing = 0;
		};
/* End PBXResourcesBuildPhase section */

/* Begin PBXSourcesBuildPhase section */
		5FCC6E281A34DE7F0012DD6D /* Sources */ = {
			isa = PBXSourcesBuildPhase;
			buildActionMask = 2147483647;
			files = (
				5FCC6E341A34DE7F0012DD6D /* ViewController.swift in Sources */,
				5FCC6E321A34DE7F0012DD6D /* AppDelegate.swift in Sources */,
			);
			runOnlyForDeploymentPostprocessing = 0;
		};
		5FCC6E3D1A34DE7F0012DD6D /* Sources */ = {
			isa = PBXSourcesBuildPhase;
			buildActionMask = 2147483647;
			files = (
				5FCC6E481A34DE7F0012DD6D /* Super_Simple_CalculatorTests.swift in Sources */,
			);
			runOnlyForDeploymentPostprocessing = 0;
		};
/* End PBXSourcesBuildPhase section */

/* Begin PBXTargetDependency section */
		5FCC6E431A34DE7F0012DD6D /* PBXTargetDependency */ = {
			isa = PBXTargetDependency;
			target = 5FCC6E2B1A34DE7F0012DD6D /* Super Simple Calculator */;
			targetProxy = 5FCC6E421A34DE7F0012DD6D /* PBXContainerItemProxy */;
		};
/* End PBXTargetDependency section */

/* Begin PBXVariantGroup section */
		5FCC6E351A34DE7F0012DD6D /* Main.storyboard */ = {
			isa = PBXVariantGroup;
			children = (
				5FCC6E361A34DE7F0012DD6D /* Base */,
			);
			name = Main.storyboard;
			sourceTree = "<group>";
		};
		5FCC6E3A1A34DE7F0012DD6D /* LaunchScreen.xib */ = {
			isa = PBXVariantGroup;
			children = (
				5FCC6E3B1A34DE7F0012DD6D /* Base */,
			);
			name = LaunchScreen.xib;
			sourceTree = "<group>";
		};
/* End PBXVariantGroup section */

/* Begin XCBuildConfiguration section */
		5FCC6E491A34DE7F0012DD6D /* Debug */ = {
			isa = XCBuildConfiguration;
			buildSettings = {
				ALWAYS_SEARCH_USER_PATHS = NO;
				CLANG_CXX_LANGUAGE_STANDARD = "gnu++0x";
				CLANG_CXX_LIBRARY = "libc++";
				CLANG_ENABLE_MODULES = YES;
				CLANG_ENABLE_OBJC_ARC = YES;
				CLANG_WARN_BOOL_CONVERSION = YES;
				CLANG_WARN_CONSTANT_CONVERSION = YES;
				CLANG_WARN_DIRECT_OBJC_ISA_USAGE = YES_ERROR;
				CLANG_WARN_EMPTY_BODY = YES;
				CLANG_WARN_ENUM_CONVERSION = YES;
				CLANG_WARN_INT_CONVERSION = YES;
				CLANG_WARN_OBJC_ROOT_CLASS = YES_ERROR;
				CLANG_WARN_UNREACHABLE_CODE = YES;
				CLANG_WARN__DUPLICATE_METHOD_MATCH = YES;
				"CODE_SIGN_IDENTITY[sdk=iphoneos*]" = "iPhone Developer";
				COPY_PHASE_STRIP = NO;
				ENABLE_STRICT_OBJC_MSGSEND = YES;
				GCC_C_LANGUAGE_STANDARD = gnu99;
				GCC_DYNAMIC_NO_PIC = NO;
				GCC_OPTIMIZATION_LEVEL = 0;
				GCC_PREPROCESSOR_DEFINITIONS = (
					"DEBUG=1",
					"$(inherited)",
				);
				GCC_SYMBOLS_PRIVATE_EXTERN = NO;
				GCC_WARN_64_TO_32_BIT_CONVERSION = YES;
				GCC_WARN_ABOUT_RETURN_TYPE = YES_ERROR;
				GCC_WARN_UNDECLARED_SELECTOR = YES;
				GCC_WARN_UNINITIALIZED_AUTOS = YES_AGGRESSIVE;
				GCC_WARN_UNUSED_FUNCTION = YES;
				GCC_WARN_UNUSED_VARIABLE = YES;
				IPHONEOS_DEPLOYMENT_TARGET = 8.1;
				MTL_ENABLE_DEBUG_INFO = YES;
				ONLY_ACTIVE_ARCH = YES;
				SDKROOT = iphoneos;
				SWIFT_OPTIMIZATION_LEVEL = "-Onone";
			};
			name = Debug;
		};
		5FCC6E4A1A34DE7F0012DD6D /* Release */ = {
			isa = XCBuildConfiguration;
			buildSettings = {
				ALWAYS_SEARCH_USER_PATHS = NO;
				CLANG_CXX_LANGUAGE_STANDARD = "gnu++0x";
				CLANG_CXX_LIBRARY = "libc++";
				CLANG_ENABLE_MODULES = YES;
				CLANG_ENABLE_OBJC_ARC = YES;
				CLANG_WARN_BOOL_CONVERSION = YES;
				CLANG_WARN_CONSTANT_CONVERSION = YES;
				CLANG_WARN_DIRECT_OBJC_ISA_USAGE = YES_ERROR;
				CLANG_WARN_EMPTY_BODY = YES;
				CLANG_WARN_ENUM_CONVERSION = YES;
				CLANG_WARN_INT_CONVERSION = YES;
				CLANG_WARN_OBJC_ROOT_CLASS = YES_ERROR;
				CLANG_WARN_UNREACHABLE_CODE = YES;
				CLANG_WARN__DUPLICATE_METHOD_MATCH = YES;
				"CODE_SIGN_IDENTITY[sdk=iphoneos*]" = "iPhone Developer";
				COPY_PHASE_STRIP = YES;
				ENABLE_NS_ASSERTIONS = NO;
				ENABLE_STRICT_OBJC_MSGSEND = YES;
				GCC_C_LANGUAGE_STANDARD = gnu99;
				GCC_WARN_64_TO_32_BIT_CONVERSION = YES;
				GCC_WARN_ABOUT_RETURN_TYPE = YES_ERROR;
				GCC_WARN_UNDECLARED_SELECTOR = YES;
				GCC_WARN_UNINITIALIZED_AUTOS = YES_AGGRESSIVE;
				GCC_WARN_UNUSED_FUNCTION = YES;
				GCC_WARN_UNUSED_VARIABLE = YES;
				IPHONEOS_DEPLOYMENT_TARGET = 8.1;
				MTL_ENABLE_DEBUG_INFO = NO;
				SDKROOT = iphoneos;
				VALIDATE_PRODUCT = YES;
			};
			name = Release;
		};
		5FCC6E4C1A34DE7F0012DD6D /* Debug */ = {
			isa = XCBuildConfiguration;
			buildSettings = {
				ASSETCATALOG_COMPILER_APPICON_NAME = AppIcon;
				CODE_SIGN_IDENTITY = "iPhone Developer";
				INFOPLIST_FILE = "Super Simple Calculator/Info.plist";
				IPHONEOS_DEPLOYMENT_TARGET = 7.0;
				LD_RUNPATH_SEARCH_PATHS = "$(inherited) @executable_path/Frameworks";
				PRODUCT_NAME = "$(TARGET_NAME)";
			};
			name = Debug;
		};
		5FCC6E4D1A34DE7F0012DD6D /* Release */ = {
			isa = XCBuildConfiguration;
			buildSettings = {
				ASSETCATALOG_COMPILER_APPICON_NAME = AppIcon;
				CODE_SIGN_IDENTITY = "iPhone Developer";
				INFOPLIST_FILE = "Super Simple Calculator/Info.plist";
				IPHONEOS_DEPLOYMENT_TARGET = 7.0;
				LD_RUNPATH_SEARCH_PATHS = "$(inherited) @executable_path/Frameworks";
				PRODUCT_NAME = "$(TARGET_NAME)";
			};
			name = Release;
		};
		5FCC6E4F1A34DE7F0012DD6D /* Debug */ = {
			isa = XCBuildConfiguration;
			buildSettings = {
				BUNDLE_LOADER = "$(TEST_HOST)";
				FRAMEWORK_SEARCH_PATHS = (
					"$(SDKROOT)/Developer/Library/Frameworks",
					"$(inherited)",
				);
				GCC_PREPROCESSOR_DEFINITIONS = (
					"DEBUG=1",
					"$(inherited)",
				);
				INFOPLIST_FILE = "Super Simple CalculatorTests/Info.plist";
				LD_RUNPATH_SEARCH_PATHS = "$(inherited) @executable_path/Frameworks @loader_path/Frameworks";
				PRODUCT_NAME = "$(TARGET_NAME)";
				TEST_HOST = "$(BUILT_PRODUCTS_DIR)/Super Simple Calculator.app/Super Simple Calculator";
			};
			name = Debug;
		};
		5FCC6E501A34DE7F0012DD6D /* Release */ = {
			isa = XCBuildConfiguration;
			buildSettings = {
				BUNDLE_LOADER = "$(TEST_HOST)";
				FRAMEWORK_SEARCH_PATHS = (
					"$(SDKROOT)/Developer/Library/Frameworks",
					"$(inherited)",
				);
				INFOPLIST_FILE = "Super Simple CalculatorTests/Info.plist";
				LD_RUNPATH_SEARCH_PATHS = "$(inherited) @executable_path/Frameworks @loader_path/Frameworks";
				PRODUCT_NAME = "$(TARGET_NAME)";
				TEST_HOST = "$(BUILT_PRODUCTS_DIR)/Super Simple Calculator.app/Super Simple Calculator";
			};
			name = Release;
		};
/* End XCBuildConfiguration section */

/* Begin XCConfigurationList section */
		5FCC6E271A34DE7F0012DD6D /* Build configuration list for PBXProject "Super Simple Calculator" */ = {
			isa = XCConfigurationList;
			buildConfigurations = (
				5FCC6E491A34DE7F0012DD6D /* Debug */,
				5FCC6E4A1A34DE7F0012DD6D /* Release */,
			);
			defaultConfigurationIsVisible = 0;
			defaultConfigurationName = Release;
		};
		5FCC6E4B1A34DE7F0012DD6D /* Build configuration list for PBXNativeTarget "Super Simple Calculator" */ = {
			isa = XCConfigurationList;
			buildConfigurations = (
				5FCC6E4C1A34DE7F0012DD6D /* Debug */,
				5FCC6E4D1A34DE7F0012DD6D /* Release */,
			);
			defaultConfigurationIsVisible = 0;
		};
		5FCC6E4E1A34DE7F0012DD6D /* Build configuration list for PBXNativeTarget "Super Simple CalculatorTests" */ = {
			isa = XCConfigurationList;
			buildConfigurations = (
				5FCC6E4F1A34DE7F0012DD6D /* Debug */,
				5FCC6E501A34DE7F0012DD6D /* Release */,
			);
			defaultConfigurationIsVisible = 0;
		};
/* End XCConfigurationList section */
	};
	rootObject = 5FCC6E241A34DE7F0012DD6D /* Project object */;
}
